dependencies:
- name: cv-nextgen
  repository: oci://us-west1-docker.pkg.dev/gcr-prod/harness-helm-artifacts
  version: 1.49.0
- name: le-nextgen
  repository: oci://us-west1-docker.pkg.dev/gcr-prod/harness-helm-artifacts
  version: 1.11.0
- name: srm-ui
  repository: oci://us-west1-docker.pkg.dev/gcr-prod/harness-helm-artifacts
  version: 1.15.0
digest: sha256:40b051a5a696b5c02c7807a16c6812d8f656058fc9de63025c2c3ffa396e2b98
generated: "2025-12-15T20:13:45.283254918Z"
