dependencies:
- name: cv-nextgen
  repository: oci://us-west1-docker.pkg.dev/gcr-prod/harness-helm-artifacts
  version: 1.41.0
- name: le-nextgen
  repository: oci://us-west1-docker.pkg.dev/gcr-prod/harness-helm-artifacts
  version: 1.6.1
- name: srm-ui
  repository: oci://us-west1-docker.pkg.dev/gcr-prod/harness-helm-artifacts
  version: 1.13.1
digest: sha256:7e4d5fd439b5cafb4a7fbfa243983a511c0387c1e7c6e213eadb460a992600ae
generated: "2025-07-10T10:56:56.230938833Z"
