dependencies:
- name: cv-nextgen
  repository: oci://us-west1-docker.pkg.dev/gcr-prod/harness-helm-artifacts
  version: 1.55.1
- name: le-nextgen
  repository: oci://us-west1-docker.pkg.dev/gcr-prod/harness-helm-artifacts
  version: 1.13.0
- name: srm-ui
  repository: oci://us-west1-docker.pkg.dev/gcr-prod/harness-helm-artifacts
  version: 1.16.0
digest: sha256:6990265ae41b0f8257bc9d8241c6145186ab62e1edc882b7732aa2b0327c8fd0
generated: "2026-02-24T16:49:55.02680814Z"
