dependencies:
- name: event-service
  repository: oci://us-west1-docker.pkg.dev/gcr-prod/harness-helm-artifacts
  version: 1.18.1
- name: anomaly-detection
  repository: oci://us-west1-docker.pkg.dev/gcr-prod/harness-helm-artifacts
  version: 1.28.5
- name: cloud-info
  repository: oci://us-west1-docker.pkg.dev/gcr-prod/harness-helm-artifacts
  version: 1.16.3
- name: telescopes
  repository: oci://us-west1-docker.pkg.dev/gcr-prod/harness-helm-artifacts
  version: 1.7.2
- name: batch-processing
  repository: oci://us-west1-docker.pkg.dev/gcr-prod/harness-helm-artifacts
  version: 1.88.14
- name: ng-ce-ui
  repository: oci://us-west1-docker.pkg.dev/gcr-prod/harness-helm-artifacts
  version: 1.86.5
- name: ce-nextgen
  repository: oci://us-west1-docker.pkg.dev/gcr-prod/harness-helm-artifacts
  version: 1.90.11
digest: sha256:a9db0f985e1003691411f5cadd1f53991bd2e0eaf958fb9131dafe0c9c798b50
generated: "2026-06-11T07:31:46.100697306Z"
