dependencies:
- name: event-service
  repository: oci://us-west1-docker.pkg.dev/gcr-prod/harness-helm-artifacts
  version: 1.18.1
- name: anomaly-detection
  repository: oci://us-west1-docker.pkg.dev/gcr-prod/harness-helm-artifacts
  version: 1.29.0
- name: cloud-info
  repository: oci://us-west1-docker.pkg.dev/gcr-prod/harness-helm-artifacts
  version: 1.17.1
- name: telescopes
  repository: oci://us-west1-docker.pkg.dev/gcr-prod/harness-helm-artifacts
  version: 1.7.2
- name: batch-processing
  repository: oci://us-west1-docker.pkg.dev/gcr-prod/harness-helm-artifacts
  version: 1.91.10
- name: ng-ce-ui
  repository: oci://us-west1-docker.pkg.dev/gcr-prod/harness-helm-artifacts
  version: 1.89.8
- name: ce-nextgen
  repository: oci://us-west1-docker.pkg.dev/gcr-prod/harness-helm-artifacts
  version: 1.93.7
digest: sha256:29ec8a09e1acf84f04e6669c4f0fb8e1e2ff783562da536ec2dc6b6237b0fa12
generated: "2026-07-06T07:18:20.262813031Z"
