dependencies:
- name: et-service
  repository: https://harness.github.io/helm-et-service
  version: 0.1.16
- name: et-collector
  repository: https://harness.github.io/helm-et-collector
  version: 0.1.8
- name: et-receiver
  repository: https://harness.github.io/helm-et-receiver
  version: 0.1.10
- name: et-receiver
  repository: https://harness.github.io/helm-et-receiver
  version: 0.1.10
- name: et-receiver
  repository: https://harness.github.io/helm-et-receiver
  version: 0.1.10
- name: et-receiver
  repository: https://harness.github.io/helm-et-receiver
  version: 0.1.10
digest: sha256:3e2b1809cf7c5582505dcb02f09fcbb58ad651af498f5bc91489b37004daf2ec
generated: "2022-11-10T17:40:58.369535-05:00"
