dependencies:
- name: common
  repository: https://charts.bitnami.com/bitnami
  version: 1.16.1
- name: access-control
  repository: https://harness.github.io/helm-access-control/charts
  version: 0.1.0
- name: change-data-capture
  repository: https://harness.github.io/helm-change-data-capture/charts
  version: 0.1.0
- name: cv-nextgen
  repository: https://harness.github.io/helm-cv-nextgen/charts
  version: 0.1.0
- name: gateway
  repository: https://harness.github.io/helm-gateway/charts
  version: 0.1.0
- name: harness-secrets
  repository: https://harness.github.io/helm-harness-secrets/charts
  version: 0.1.0
- name: harness-manager
  repository: https://harness.github.io/helm-harness-manager/charts
  version: 0.1.0
- name: delegate-proxy
  repository: https://harness.github.io/helm-delegate-proxy/charts
  version: 0.1.0
- name: le-nextgen
  repository: https://harness.github.io/helm-le-nextgen/charts
  version: 0.1.0
- name: log-service
  repository: https://harness.github.io/helm-log-service/charts
  version: 0.1.0
- name: minio
  repository: https://charts.min.io/
  version: 4.0.9
- name: mongo
  repository: https://harness.github.io/helm-mongo/charts
  version: 0.1.0
- name: next-gen-ui
  repository: https://harness.github.io/helm-next-gen-ui/charts
  version: 0.1.0
- name: ng-auth-ui
  repository: https://harness.github.io/helm-ng-auth-ui/charts
  version: 0.1.0
- name: ng-manager
  repository: https://harness.github.io/helm-ng-manager/charts
  version: 0.1.0
- name: pipeline-service
  repository: https://harness.github.io/helm-pipeline-service/charts
  version: 0.1.0
- name: platform-service
  repository: https://harness.github.io/helm-platform-service/charts
  version: 0.1.0
- name: redis
  repository: https://harness.github.io/helm-redis/charts
  version: 0.1.0
- name: scm-service
  repository: https://harness.github.io/helm-scm-service/charts
  version: 0.1.0
- name: template-service
  repository: https://harness.github.io/helm-template-service/charts
  version: 0.1.0
- name: ti-service
  repository: https://harness.github.io/helm-ti-service/charts
  version: 0.1.0
- name: timescaledb
  repository: https://harness.github.io/helm-timescaledb/charts
  version: 0.1.0
digest: sha256:a1d76d89997dd574891d443368bc849f2c34f1da1ec826890675e75bc00fd6bd
generated: "2022-08-18T00:55:18.055442+05:30"
