dependencies:
- name: sto-core
  repository: https://harness.github.io/helm-sto-core
  version: 0.2.4
- name: sto-manager
  repository: https://harness.github.io/helm-sto-manager
  version: 0.2.6
- name: postgresql
  repository: https://charts.bitnami.com/bitnami
  version: 11.6.16
digest: sha256:7ac6ef5f53157b691c7aa7fda6f957061ede021150fcc688c544794e3a873122
generated: "2022-08-24T17:51:20.470836-04:00"
