dependencies:
- name: sto-core
  repository: https://harness.github.io/helm-sto-core/charts
  version: 0.1.0
- name: sto-manager
  repository: https://harness.github.io/helm-sto-manager/charts
  version: 0.1.0
- name: postgresql
  repository: https://charts.bitnami.com/bitnami
  version: 11.6.16
digest: sha256:b467e392a7b71db48e64149b4c617f11307fbff11dd5669a916d903f81b3a8e1
generated: "2022-08-11T11:41:18.299636-04:00"
