dependencies:
- name: infra
  repository: file://infra
  version: 0.1.1
- name: platform
  repository: file://platform
  version: 0.1.5
- name: sto
  repository: file://sto
  version: 0.1.3
- name: ci
  repository: file://ci
  version: 0.1.2
- name: et
  repository: file://et
  version: 0.1.0
- name: ngcustomdashboard
  repository: file://ngcustomdashboard
  version: 0.1.0
digest: sha256:08969b81c06607a25ba869f6afd814750783c12f103b0f47d2037c0c8be0e835
generated: "2022-09-21T16:13:04.876521+05:30"
