dependencies:
- name: infra
  repository: file://infra
  version: 0.1.1
- name: platform
  repository: https://harness.github.io/helm-platform
  version: 0.3.26
- name: sto
  repository: https://harness.github.io/helm-sto
  version: 0.3.5
- name: ci
  repository: file://ci
  version: 0.1.4
- name: srm
  repository: https://harness.github.io/helm-srm
  version: 0.3.0
- name: ngcustomdashboard
  repository: https://harness.github.io/helm-dashboards
  version: 0.2.5
- name: ff
  repository: https://harness.github.io/helm-ff
  version: 0.3.5
- name: ccm
  repository: https://harness.github.io/helm-ccm
  version: 0.3.16
- name: gitops
  repository: https://harness.github.io/helm-gitops
  version: 0.1.13
- name: policy-mgmt
  repository: https://harness.github.io/helm-policy-mgmt
  version: 0.1.3
digest: sha256:2314f9fcf1a3fa75a82688002aa3f04a1a2e19161a2353f8f52fe580f566d309
generated: "2023-02-03T18:26:47.232722+05:30"
