dependencies:
- name: ccm
  repository: https://harness.github.io/helm-charts
  version: 0.9.0
- name: cd
  repository: https://harness.github.io/helm-charts
  version: 0.9.0
- name: cet
  repository: https://harness.github.io/helm-charts
  version: 0.9.0
- name: chaos
  repository: https://harness.github.io/helm-charts
  version: 0.9.0
- name: ci
  repository: https://harness.github.io/helm-charts
  version: 0.9.0
- name: ff
  repository: https://harness.github.io/helm-charts
  version: 0.9.0
- name: platform
  repository: https://harness.github.io/helm-charts
  version: 0.9.0
- name: srm
  repository: https://harness.github.io/helm-charts
  version: 0.9.0
- name: sto
  repository: https://harness.github.io/helm-charts
  version: 0.9.0
digest: sha256:5247e96da81d3b266fbc7f8f462270ca4503a3e531a743ecc640feab18219302
generated: "2023-09-30T06:14:02.408425698Z"
