dependencies:
- name: common
  repository: https://charts.bitnami.com/bitnami
  version: 1.16.1
- name: access-control
  repository: https://harness.github.io/helm-access-control
  version: 0.2.1
- name: change-data-capture
  repository: https://harness.github.io/helm-change-data-capture
  version: 0.2.3
- name: cv-nextgen
  repository: https://harness.github.io/helm-cv-nextgen
  version: 0.2.5
- name: gateway
  repository: https://harness.github.io/helm-gateway
  version: 0.2.3
- name: harness-secrets
  repository: https://harness.github.io/helm-harness-secrets
  version: 0.2.0
- name: harness-manager
  repository: https://harness.github.io/helm-harness-manager
  version: 0.2.6
- name: delegate-proxy
  repository: https://harness.github.io/helm-delegate-proxy
  version: 0.2.0
- name: le-nextgen
  repository: https://harness.github.io/helm-le-nextgen
  version: 0.2.0
- name: log-service
  repository: https://harness.github.io/helm-log-service
  version: 0.2.5
- name: minio
  repository: https://charts.bitnami.com/bitnami
  version: 11.9.1
- name: mongo
  repository: https://harness.github.io/helm-mongo
  version: 0.2.1
- name: next-gen-ui
  repository: https://harness.github.io/helm-next-gen-ui
  version: 0.2.0
- name: ng-auth-ui
  repository: https://harness.github.io/helm-ng-auth-ui
  version: 0.2.0
- name: ng-manager
  repository: https://harness.github.io/helm-ng-manager
  version: 0.2.8
- name: pipeline-service
  repository: https://harness.github.io/helm-pipeline-service
  version: 0.2.3
- name: platform-service
  repository: https://harness.github.io/helm-platform-service
  version: 0.2.3
- name: redis
  repository: https://harness.github.io/helm-redis
  version: 0.2.0
- name: scm-service
  repository: https://harness.github.io/helm-scm-service
  version: 0.2.0
- name: template-service
  repository: https://harness.github.io/helm-template-service
  version: 0.2.3
- name: ti-service
  repository: https://harness.github.io/helm-ti-service
  version: 0.2.1
- name: timescaledb
  repository: https://harness.github.io/helm-timescaledb
  version: 0.2.1
digest: sha256:54e9e5bc9e553e3f06637a24d46a8b5a1b21af4d1841874c4a902691e6ad27a2
generated: "2022-08-24T23:18:09.344694+05:30"
