dependencies:
- name: et-service
  repository: oci://us-west1-docker.pkg.dev/gcr-prod/harness-helm-artifacts
  version: 0.12.2
- name: et-collector
  repository: oci://us-west1-docker.pkg.dev/gcr-prod/harness-helm-artifacts
  version: 0.12.1
digest: sha256:77683a2041cb9e891765bd3a79824ef8cc441dfe24bf0f521418391e6836d9e2
generated: "2023-11-30T05:24:51.95065349Z"
