dependencies:
- name: ci-manager
  repository: oci://us-west1-docker.pkg.dev/gcr-prod/harness-helm-artifacts
  version: 1.35.10
- name: ti-service
  repository: oci://us-west1-docker.pkg.dev/gcr-prod/harness-helm-artifacts
  version: 1.17.0
digest: sha256:5268fa388125ed5ce5ae9333a67f006db52093ce40fda7383a9f3e8ef2394552
generated: "2024-08-12T16:27:45.013932659Z"
