dependencies:
- name: ci-manager
  repository: oci://us-west1-docker.pkg.dev/gcr-prod/harness-helm-artifacts
  version: 1.157.1
- name: ti-service
  repository: oci://us-west1-docker.pkg.dev/gcr-prod/harness-helm-artifacts
  version: 1.79.5
digest: sha256:8c8613fcfcd466055d729d9828182b76607eb8f7cb1365d2df4dd9e66d6b75a6
generated: "2026-10-01T00:16:37.766603624Z"
