dependencies:
- name: kafka-operator
  repository: oci://us-west1-docker.pkg.dev/gcr-prod/harness-helm-artifacts
  version: 1.15.1
- name: kafka-platform
  repository: oci://us-west1-docker.pkg.dev/gcr-prod/harness-helm-artifacts
  version: 2.11.1
- name: kafka-resources
  repository: oci://us-west1-docker.pkg.dev/gcr-prod/harness-helm-artifacts
  version: 1.88.0
- name: schema-registry
  repository: oci://us-west1-docker.pkg.dev/gcr-prod/harness-helm-artifacts
  version: 1.11.3
- name: kafka-connect-strimzi
  repository: oci://us-west1-docker.pkg.dev/gcr-prod/harness-helm-artifacts
  version: 1.89.0
digest: sha256:a2ec7f97739252cc20740f0d5c8985abbd682fd62dceee6a3c698fd16b63976c
generated: "2026-08-10T15:12:46.236905789Z"
