dependencies:
- name: kafka-operator
  repository: oci://us-west1-docker.pkg.dev/gcr-prod/harness-helm-artifacts
  version: 1.15.1
- name: kafka-platform
  repository: oci://us-west1-docker.pkg.dev/gcr-prod/harness-helm-artifacts
  version: 2.11.1
- name: kafka-resources
  repository: oci://us-west1-docker.pkg.dev/gcr-prod/harness-helm-artifacts
  version: 1.94.0
- name: schema-registry
  repository: oci://us-west1-docker.pkg.dev/gcr-prod/harness-helm-artifacts
  version: 1.11.3
- name: kafka-connect-strimzi
  repository: oci://us-west1-docker.pkg.dev/gcr-prod/harness-helm-artifacts
  version: 1.97.0
digest: sha256:9702f28c625350f85ab900e8f3dd9e3af981e306e84f23e4064b42f879c14152
generated: "2026-08-25T16:45:17.998240961Z"
