dependencies:
- name: sto-core
  repository: https://harness.github.io/helm-sto-core
  version: 0.2.6
- name: sto-manager
  repository: https://harness.github.io/helm-sto-manager
  version: 0.2.9
digest: sha256:6453555a63210af6e5d59852f99034247364d3209c0bfe61a0316c4978e7edda
generated: "2022-09-01T18:36:27.192484+05:30"
