dependencies:
- name: access-control
  repository: https://harness.github.io/helm-access-control
  version: 0.2.6
- name: change-data-capture
  repository: https://harness.github.io/helm-change-data-capture
  version: 0.2.8
- name: cv-nextgen
  repository: https://harness.github.io/helm-cv-nextgen
  version: 0.2.11
- name: gateway
  repository: https://harness.github.io/helm-gateway
  version: 0.2.7
- name: harness-secrets
  repository: https://harness.github.io/helm-harness-secrets
  version: 0.2.1
- name: harness-manager
  repository: https://harness.github.io/helm-harness-manager
  version: 0.2.12
- name: delegate-proxy
  repository: https://harness.github.io/helm-delegate-proxy
  version: 0.2.4
- name: le-nextgen
  repository: https://harness.github.io/helm-le-nextgen
  version: 0.2.3
- name: log-service
  repository: https://harness.github.io/helm-log-service
  version: 0.2.8
- name: minio
  repository: https://charts.bitnami.com/bitnami
  version: 11.9.1
- name: mongodb
  repository: https://charts.bitnami.com/bitnami
  version: 13.1.2
- name: next-gen-ui
  repository: https://harness.github.io/helm-next-gen-ui
  version: 0.2.4
- name: ng-auth-ui
  repository: https://harness.github.io/helm-ng-auth-ui
  version: 0.2.1
- name: ng-manager
  repository: https://harness.github.io/helm-ng-manager
  version: 0.2.14
- name: pipeline-service
  repository: https://harness.github.io/helm-pipeline-service
  version: 0.2.9
- name: platform-service
  repository: https://harness.github.io/helm-platform-service
  version: 0.2.8
- name: redis
  repository: https://harness.github.io/helm-redis
  version: 0.2.1
- name: scm-service
  repository: https://harness.github.io/helm-scm-service
  version: 0.2.1
- name: template-service
  repository: https://harness.github.io/helm-template-service
  version: 0.2.10
- name: ti-service
  repository: https://harness.github.io/helm-ti-service
  version: 0.2.5
- name: timescaledb
  repository: https://harness.github.io/helm-timescaledb
  version: 0.2.5
digest: sha256:2b5dc80713beeb0eee60565ced6178f6c753bb49010945200d828fdf4101e0a0
generated: "2022-09-07T08:37:33.551852-04:00"
