dependencies:
- name: kafka-operator
  repository: oci://us-west1-docker.pkg.dev/gcr-prod/harness-helm-artifacts
  version: 1.15.4
- name: kafka-platform
  repository: oci://us-west1-docker.pkg.dev/gcr-prod/harness-helm-artifacts
  version: 2.12.1
- name: kafka-resources
  repository: oci://us-west1-docker.pkg.dev/gcr-prod/harness-helm-artifacts
  version: 1.102.2
- name: schema-registry
  repository: oci://us-west1-docker.pkg.dev/gcr-prod/harness-helm-artifacts
  version: 1.12.2
- name: kafka-connect-strimzi
  repository: oci://us-west1-docker.pkg.dev/gcr-prod/harness-helm-artifacts
  version: 1.102.0
digest: sha256:7efd0cbcbbb63578e63a9423b97e240335019d34d66375fcb4e876387acb1339
generated: "2026-10-01T00:16:33.533738137Z"
