dependencies:
- name: nextgen-ce
  repository: https://harness.github.io/helm-nextgen-ce
  version: 0.1.14
- name: event-service
  repository: https://harness.github.io/helm-event-service
  version: 0.1.4
digest: sha256:24dbb622164034e8b213fdd9907daf73e8ab933eb295d4d43247cd6d069882f2
generated: "2022-11-11T16:58:46.422688+05:30"
