dependencies:
- name: chaos-manager
  repository: oci://us-west1-docker.pkg.dev/gcr-prod/harness-helm-artifacts
  version: 1.71.3
- name: chaos-web
  repository: oci://us-west1-docker.pkg.dev/gcr-prod/harness-helm-artifacts
  version: 1.71.6
- name: chaos-k8s-ifs
  repository: oci://us-west1-docker.pkg.dev/gcr-prod/harness-helm-artifacts
  version: 1.71.0
- name: chaos-linux-ifs
  repository: oci://us-west1-docker.pkg.dev/gcr-prod/harness-helm-artifacts
  version: 1.71.0
- name: chaos-linux-ifc
  repository: oci://us-west1-docker.pkg.dev/gcr-prod/harness-helm-artifacts
  version: 1.71.0
- name: chaos-crd
  repository: oci://us-west1-docker.pkg.dev/gcr-prod/harness-helm-artifacts
  version: 1.71.0
- name: chaos-machine-ifs
  repository: oci://us-west1-docker.pkg.dev/gcr-prod/harness-helm-artifacts
  version: 1.71.0
- name: chaos-machine-ifc
  repository: oci://us-west1-docker.pkg.dev/gcr-prod/harness-helm-artifacts
  version: 1.71.0
digest: sha256:3e6c9175ace2a849782fb551c3e774e3a759455b95c543712fe86aaa2b8a6372
generated: "2026-01-12T18:09:52.067517041Z"
