dependencies:
- name: harness
  repository: https://harness.github.io/helm-charts
  version: 0.2.43
- name: harness-common
  repository: https://harness.github.io/helm-common
  version: 1.0.4
digest: sha256:72af85caa932c58e1df9d6cfdfe576f28237012a2a4435c0aae0fcd59ec03898
generated: "2022-09-23T09:48:45.579428+05:30"
