dependencies:
- name: harness
  repository: https://harness.github.io/helm-charts
  version: 0.2.30
- name: harness-common
  repository: https://harness.github.io/helm-common
  version: 1.0.4
digest: sha256:1d96bafc7d0678dfb2cb00c5000c172fb57bc4240d1f2dfb03c9dc6368ba01bf
generated: "2022-09-09T23:57:07.438978+05:30"
