dependencies:
- name: sto-core
  repository: oci://us-west1-docker.pkg.dev/gcr-prod/harness-helm-artifacts
  version: 1.97.2
- name: sto-manager
  repository: oci://us-west1-docker.pkg.dev/gcr-prod/harness-helm-artifacts
  version: 1.29.2
digest: sha256:18f75e5a7d0040bc6caa9727f30c99e70fb3dfce4e4d167143d100e122871067
generated: "2024-07-03T03:43:45.033726296Z"
