dependencies:
- name: sto-core
  repository: oci://us-west1-docker.pkg.dev/gcr-prod/harness-helm-artifacts
  version: 1.108.4
- name: sto-manager
  repository: oci://us-west1-docker.pkg.dev/gcr-prod/harness-helm-artifacts
  version: 1.39.2
digest: sha256:6451016d89ed39d779c7ab2b4d966061fd41a59b11d64df08c3e1e6d34fc1e7e
generated: "2024-10-10T17:00:00.811319611Z"
