dependencies:
- name: sto-core
  repository: https://harness.github.io/helm-sto-core
  version: 0.2.4
- name: sto-manager
  repository: https://harness.github.io/helm-sto-manager
  version: 0.2.7
- name: postgresql
  repository: https://charts.bitnami.com/bitnami
  version: 11.6.16
digest: sha256:8c4bf009fc5079efbd8c0c69857d314cc781fb7f0f8bf54b433652984ebc6fc8
generated: "2022-08-29T12:44:23.154032+05:30"
