dependencies:
- name: ff-service
  repository: oci://us-west1-docker.pkg.dev/gcr-prod/harness-helm-artifacts
  version: 1.1233.0
- name: ff-pushpin-service
  repository: oci://us-west1-docker.pkg.dev/gcr-prod/harness-helm-artifacts
  version: 1.1148.0
digest: sha256:53004dab9bbda91eafe52ca14a8e5f0697f643b69ba9c5890c1d89f02cf21d5a
generated: "2026-09-10T17:40:59.614088846Z"
