dependencies:
- name: ff-service
  repository: oci://us-west1-docker.pkg.dev/gcr-prod/harness-helm-artifacts
  version: 1.1208.0
- name: ff-pushpin-service
  repository: oci://us-west1-docker.pkg.dev/gcr-prod/harness-helm-artifacts
  version: 1.1139.0
digest: sha256:60c6dc035057247d70707a25cd4e7a8fde4d21680a08fc9caf13932e0471aca5
generated: "2026-08-10T15:12:47.882448845Z"
