dependencies:
- name: ng-custom-dashboards
  repository: https://harness.github.io/helm-ng-custom-dashboards
  version: 0.1.8
- name: looker
  repository: https://harness.github.io/helm-looker
  version: 0.1.12
digest: sha256:de1cde52be3fb9eb143356f1e3ce90c26d24177642b4f9588c654a20c2443081
generated: "2022-10-21T14:13:49.767509+05:30"
