dependencies:
- name: ng-custom-dashboards
  repository: https://harness.github.io/helm-ng-custom-dashboards
  version: 0.1.5
- name: looker
  repository: https://harness.github.io/helm-looker
  version: 0.1.10
digest: sha256:f89fa5d06d9be7eedf7fd6011ad184b212162b3732bd01e2bdbbab312e806029
generated: "2022-10-14T18:55:40.252923+05:30"
