dependencies:
- name: ng-custom-dashboards
  repository: https://harness.github.io/helm-ng-custom-dashboards
  version: 0.1.8
- name: looker
  repository: https://harness.github.io/helm-looker
  version: 0.1.14
digest: sha256:d1a01febed0dafca2529de657dbba8253e2e709b7eda230140fb5c0dd716ea9f
generated: "2022-11-01T15:06:28.68599Z"
