dependencies:
- name: iac-server
  repository: oci://us-west1-docker.pkg.dev/gcr-prod/harness-helm-artifacts
  version: 1.335.1
- name: iacm-manager
  repository: oci://us-west1-docker.pkg.dev/gcr-prod/harness-helm-artifacts
  version: 1.138.0
digest: sha256:2f839baff74b5e1895816d2e366147014f64a0301d12b0e9e4b3cc50764ee37f
generated: "2026-03-24T14:46:22.706868889Z"
