dependencies:
- name: iac-server
  repository: oci://us-west1-docker.pkg.dev/gcr-prod/harness-helm-artifacts
  version: 1.272.1
- name: iacm-manager
  repository: oci://us-west1-docker.pkg.dev/gcr-prod/harness-helm-artifacts
  version: 1.119.0
digest: sha256:b4bddeeb550417785f2ddcf6f02e70c58dc570f507d40490e3d0a696c705e807
generated: "2025-12-15T20:13:49.28822236Z"
