dependencies:
- name: iac-server
  repository: oci://us-west1-docker.pkg.dev/gcr-prod/harness-helm-artifacts
  version: 1.258.2
- name: iacm-manager
  repository: oci://us-west1-docker.pkg.dev/gcr-prod/harness-helm-artifacts
  version: 1.109.0
digest: sha256:b52b05228f87b5a30af207c074f6bc1c4fd6685f28bb9b2a982fca00c7c24e06
generated: "2025-11-05T10:25:59.377519722Z"
