dependencies:
- name: ff-service
  repository: https://harness.github.io/helm-ff-service
  version: 0.2.10
- name: ff-pushpin-service
  repository: https://harness.github.io/helm-ff-pushpin-service
  version: 0.2.7
digest: sha256:eeb9c1104c5900792151e736ea297aa3248f9d61747155e80c509371f19c9fc6
generated: "2022-09-27T14:33:53.103329+05:30"
