dependencies:
- name: idp-service
  repository: oci://us-west1-docker.pkg.dev/gcr-prod/harness-helm-artifacts
  version: 1.32.11
- name: idp-admin
  repository: oci://us-west1-docker.pkg.dev/gcr-prod/harness-helm-artifacts
  version: 1.32.3
- name: idp-app-ui
  repository: oci://us-west1-docker.pkg.dev/gcr-prod/harness-helm-artifacts
  version: 1.32.13
digest: sha256:7e5be39bdfdab667f102fd921864c5485395b55f8a2074645cd1080ad92bf266
generated: "2025-11-05T10:26:07.626848697Z"
